
Microsoft Visual Studio Solution File, Format Version 12.00
# Visual Studio Version 16
VisualStudioVersion = 16.0.31321.278
MinimumVisualStudioVersion = 10.0.40219.1
Project("{FAE04EC0-301F-11D3-BF4B-00C04F79EFBC}") = "TomasRodriguezEjercicio1", "TomasRodriguezEjercicio1\TomasRodriguezEjercicio1.csproj", "{04ADA73C-D38F-41F6-9502-F7AB88E84E5F}"
EndProject
Global
	GlobalSection(SolutionConfigurationPlatforms) = preSolution
		Debug|Any CPU = Debug|Any CPU
		Release|Any CPU = Release|Any CPU
	EndGlobalSection
	GlobalSection(ProjectConfigurationPlatforms) = postSolution
		{04ADA73C-D38F-41F6-9502-F7AB88E84E5F}.Debug|Any CPU.ActiveCfg = Debug|Any CPU
		{04ADA73C-D38F-41F6-9502-F7AB88E84E5F}.Debug|Any CPU.Build.0 = Debug|Any CPU
		{04ADA73C-D38F-41F6-9502-F7AB88E84E5F}.Release|Any CPU.ActiveCfg = Release|Any CPU
		{04ADA73C-D38F-41F6-9502-F7AB88E84E5F}.Release|Any CPU.Build.0 = Release|Any CPU
	EndGlobalSection
	GlobalSection(SolutionProperties) = preSolution
		HideSolutionNode = FALSE
	EndGlobalSection
	GlobalSection(ExtensibilityGlobals) = postSolution
		SolutionGuid = {B11DB2D1-CA67-4B44-AA0A-6555C2751BB8}
	EndGlobalSection
EndGlobal
