
Microsoft Visual Studio Solution File, Format Version 12.00
# Visual Studio Version 16
VisualStudioVersion = 16.0.31321.278
MinimumVisualStudioVersion = 10.0.40219.1
Project("{FAE04EC0-301F-11D3-BF4B-00C04F79EFBC}") = "TomasRodriguezEjercicio2", "TomasRodriguezEjercicio2\TomasRodriguezEjercicio2.csproj", "{427C19EF-2053-4399-9CF4-20C0538FE102}"
EndProject
Global
	GlobalSection(SolutionConfigurationPlatforms) = preSolution
		Debug|Any CPU = Debug|Any CPU
		Release|Any CPU = Release|Any CPU
	EndGlobalSection
	GlobalSection(ProjectConfigurationPlatforms) = postSolution
		{427C19EF-2053-4399-9CF4-20C0538FE102}.Debug|Any CPU.ActiveCfg = Debug|Any CPU
		{427C19EF-2053-4399-9CF4-20C0538FE102}.Debug|Any CPU.Build.0 = Debug|Any CPU
		{427C19EF-2053-4399-9CF4-20C0538FE102}.Release|Any CPU.ActiveCfg = Release|Any CPU
		{427C19EF-2053-4399-9CF4-20C0538FE102}.Release|Any CPU.Build.0 = Release|Any CPU
	EndGlobalSection
	GlobalSection(SolutionProperties) = preSolution
		HideSolutionNode = FALSE
	EndGlobalSection
	GlobalSection(ExtensibilityGlobals) = postSolution
		SolutionGuid = {67929498-82A0-4218-B2A8-C15B40D4F5A6}
	EndGlobalSection
EndGlobal
